// !$*UTF8*$!
{
	archiveVersion = 1;
	classes = {
	};
	objectVersion = 55;
	objects = {

/* Begin PBXBuildFile section */
		2EB270B828AC193C00E2BA12 /* AppDelegate.swift in Sources */ = {isa = PBXBuildFile; fileRef = 2EB270B728AC193C00E2BA12 /* AppDelegate.swift */; };
		2EB270BA28AC193C00E2BA12 /* SceneDelegate.swift in Sources */ = {isa = PBXBuildFile; fileRef = 2EB270B928AC193C00E2BA12 /* SceneDelegate.swift */; };
		2EB270BF28AC193C00E2BA12 /* Main.storyboard in Resources */ = {isa = PBXBuildFile; fileRef = 2EB270BD28AC193C00E2BA12 /* Main.storyboard */; };
		2EB270C228AC193C00E2BA12 /* POM.xcdatamodeld in Sources */ = {isa = PBXBuildFile; fileRef = 2EB270C028AC193C00E2BA12 /* POM.xcdatamodeld */; };
		2EB270C428AC194700E2BA12 /* Assets.xcassets in Resources */ = {isa = PBXBuildFile; fileRef = 2EB270C328AC194700E2BA12 /* Assets.xcassets */; };
		2EB270C728AC194700E2BA12 /* LaunchScreen.storyboard in Resources */ = {isa = PBXBuildFile; fileRef = 2EB270C528AC194700E2BA12 /* LaunchScreen.storyboard */; };
		2EB270DF28AE84D300E2BA12 /* TabBarViewController.swift in Sources */ = {isa = PBXBuildFile; fileRef = 2EB270DE28AE84D300E2BA12 /* TabBarViewController.swift */; };
		2EB270E128AE858000E2BA12 /* PieceViewController.swift in Sources */ = {isa = PBXBuildFile; fileRef = 2EB270E028AE858000E2BA12 /* PieceViewController.swift */; };
		2EB270E328AE859D00E2BA12 /* JournalViewController.swift in Sources */ = {isa = PBXBuildFile; fileRef = 2EB270E228AE859D00E2BA12 /* JournalViewController.swift */; };
		2EB270E528AE87F400E2BA12 /* HomeViewController.swift in Sources */ = {isa = PBXBuildFile; fileRef = 2EB270E428AE87F400E2BA12 /* HomeViewController.swift */; };
		2EB270E728AED68E00E2BA12 /* ToDoViewController.swift in Sources */ = {isa = PBXBuildFile; fileRef = 2EB270E628AED68D00E2BA12 /* ToDoViewController.swift */; };
		BD4958CC28AED254008D7FF0 /* ToDoListItem+CoreDataClass.swift in Sources */ = {isa = PBXBuildFile; fileRef = BD4958CA28AED254008D7FF0 /* ToDoListItem+CoreDataClass.swift */; };
		BD4958CD28AED254008D7FF0 /* ToDoListItem+CoreDataProperties.swift in Sources */ = {isa = PBXBuildFile; fileRef = BD4958CB28AED254008D7FF0 /* ToDoListItem+CoreDataProperties.swift */; };
/* End PBXBuildFile section */

/* Begin PBXFileReference section */
		2EB270B428AC193C00E2BA12 /* POM.app */ = {isa = PBXFileReference; explicitFileType = wrapper.application; includeInIndex = 0; path = POM.app; sourceTree = BUILT_PRODUCTS_DIR; };
		2EB270B728AC193C00E2BA12 /* AppDelegate.swift */ = {isa = PBXFileReference; lastKnownFileType = sourcecode.swift; path = AppDelegate.swift; sourceTree = "<group>"; };
		2EB270B928AC193C00E2BA12 /* SceneDelegate.swift */ = {isa = PBXFileReference; lastKnownFileType = sourcecode.swift; path = SceneDelegate.swift; sourceTree = "<group>"; };
		2EB270BE28AC193C00E2BA12 /* Base */ = {isa = PBXFileReference; lastKnownFileType = file.storyboard; name = Base; path = Base.lproj/Main.storyboard; sourceTree = "<group>"; };
		2EB270C128AC193C00E2BA12 /* POM.xcdatamodel */ = {isa = PBXFileReference; lastKnownFileType = wrapper.xcdatamodel; path = POM.xcdatamodel; sourceTree = "<group>"; };
		2EB270C328AC194700E2BA12 /* Assets.xcassets */ = {isa = PBXFileReference; lastKnownFileType = folder.assetcatalog; path = Assets.xcassets; sourceTree = "<group>"; };
		2EB270C628AC194700E2BA12 /* Base */ = {isa = PBXFileReference; lastKnownFileType = file.storyboard; name = Base; path = Base.lproj/LaunchScreen.storyboard; sourceTree = "<group>"; };
		2EB270C828AC194700E2BA12 /* Info.plist */ = {isa = PBXFileReference; lastKnownFileType = text.plist.xml; path = Info.plist; sourceTree = "<group>"; };
		2EB270DE28AE84D300E2BA12 /* TabBarViewController.swift */ = {isa = PBXFileReference; lastKnownFileType = sourcecode.swift; path = TabBarViewController.swift; sourceTree = "<group>"; };
		2EB270E028AE858000E2BA12 /* PieceViewController.swift */ = {isa = PBXFileReference; lastKnownFileType = sourcecode.swift; path = PieceViewController.swift; sourceTree = "<group>"; };
		2EB270E228AE859D00E2BA12 /* JournalViewController.swift */ = {isa = PBXFileReference; lastKnownFileType = sourcecode.swift; path = JournalViewController.swift; sourceTree = "<group>"; };
		2EB270E428AE87F400E2BA12 /* HomeViewController.swift */ = {isa = PBXFileReference; lastKnownFileType = sourcecode.swift; path = HomeViewController.swift; sourceTree = "<group>"; };
		2EB270E628AED68D00E2BA12 /* ToDoViewController.swift */ = {isa = PBXFileReference; lastKnownFileType = sourcecode.swift; path = ToDoViewController.swift; sourceTree = "<group>"; };
		BD4958CA28AED254008D7FF0 /* ToDoListItem+CoreDataClass.swift */ = {isa = PBXFileReference; lastKnownFileType = sourcecode.swift; path = "ToDoListItem+CoreDataClass.swift"; sourceTree = "<group>"; };
		BD4958CB28AED254008D7FF0 /* ToDoListItem+CoreDataProperties.swift */ = {isa = PBXFileReference; lastKnownFileType = sourcecode.swift; path = "ToDoListItem+CoreDataProperties.swift"; sourceTree = "<group>"; };
/* End PBXFileReference section */

/* Begin PBXFrameworksBuildPhase section */
		2EB270B128AC193C00E2BA12 /* Frameworks */ = {
			isa = PBXFrameworksBuildPhase;
			buildActionMask = 2147483647;
			files = (
			);
			runOnlyForDeploymentPostprocessing = 0;
		};
/* End PBXFrameworksBuildPhase section */

/* Begin PBXGroup section */
		2EB270AB28AC193C00E2BA12 = {
			isa = PBXGroup;
			children = (
				2EB270B628AC193C00E2BA12 /* POM */,
				2EB270B528AC193C00E2BA12 /* Products */,
			);
			sourceTree = "<group>";
		};
		2EB270B528AC193C00E2BA12 /* Products */ = {
			isa = PBXGroup;
			children = (
				2EB270B428AC193C00E2BA12 /* POM.app */,
			);
			name = Products;
			sourceTree = "<group>";
		};
		2EB270B628AC193C00E2BA12 /* POM */ = {
			isa = PBXGroup;
			children = (
				BD4958CE28AED2CB008D7FF0 /* ToDoListItem */,
				2EB270B728AC193C00E2BA12 /* AppDelegate.swift */,
				2EB270B928AC193C00E2BA12 /* SceneDelegate.swift */,
				2EB270DE28AE84D300E2BA12 /* TabBarViewController.swift */,
				2EB270E428AE87F400E2BA12 /* HomeViewController.swift */,
				2EB270E228AE859D00E2BA12 /* JournalViewController.swift */,
				2EB270E028AE858000E2BA12 /* PieceViewController.swift */,
				2EB270E628AED68D00E2BA12 /* ToDoViewController.swift */,
				2EB270BD28AC193C00E2BA12 /* Main.storyboard */,
				2EB270C328AC194700E2BA12 /* Assets.xcassets */,
				2EB270C528AC194700E2BA12 /* LaunchScreen.storyboard */,
				2EB270C828AC194700E2BA12 /* Info.plist */,
				2EB270C028AC193C00E2BA12 /* POM.xcdatamodeld */,
			);
			path = POM;
			sourceTree = "<group>";
		};
		BD4958CE28AED2CB008D7FF0 /* ToDoListItem */ = {
			isa = PBXGroup;
			children = (
				BD4958CB28AED254008D7FF0 /* ToDoListItem+CoreDataProperties.swift */,
				BD4958CA28AED254008D7FF0 /* ToDoListItem+CoreDataClass.swift */,
			);
			path = ToDoListItem;
			sourceTree = "<group>";
		};
/* End PBXGroup section */

/* Begin PBXNativeTarget section */
		2EB270B328AC193C00E2BA12 /* POM */ = {
			isa = PBXNativeTarget;
			buildConfigurationList = 2EB270CB28AC194700E2BA12 /* Build configuration list for PBXNativeTarget "POM" */;
			buildPhases = (
				2EB270B028AC193C00E2BA12 /* Sources */,
				2EB270B128AC193C00E2BA12 /* Frameworks */,
				2EB270B228AC193C00E2BA12 /* Resources */,
			);
			buildRules = (
			);
			dependencies = (
			);
			name = POM;
			productName = POM;
			productReference = 2EB270B428AC193C00E2BA12 /* POM.app */;
			productType = "com.apple.product-type.application";
		};
/* End PBXNativeTarget section */

/* Begin PBXProject section */
		2EB270AC28AC193C00E2BA12 /* Project object */ = {
			isa = PBXProject;
			attributes = {
				BuildIndependentTargetsInParallel = 1;
				LastSwiftUpdateCheck = 1340;
				LastUpgradeCheck = 1340;
				TargetAttributes = {
					2EB270B328AC193C00E2BA12 = {
						CreatedOnToolsVersion = 13.4.1;
					};
				};
			};
			buildConfigurationList = 2EB270AF28AC193C00E2BA12 /* Build configuration list for PBXProject "POM" */;
			compatibilityVersion = "Xcode 13.0";
			developmentRegion = en;
			hasScannedForEncodings = 0;
			knownRegions = (
				en,
				Base,
			);
			mainGroup = 2EB270AB28AC193C00E2BA12;
			productRefGroup = 2EB270B528AC193C00E2BA12 /* Products */;
			projectDirPath = "";
			projectRoot = "";
			targets = (
				2EB270B328AC193C00E2BA12 /* POM */,
			);
		};
/* End PBXProject section */

/* Begin PBXResourcesBuildPhase section */
		2EB270B228AC193C00E2BA12 /* Resources */ = {
			isa = PBXResourcesBuildPhase;
			buildActionMask = 2147483647;
			files = (
				2EB270C728AC194700E2BA12 /* LaunchScreen.storyboard in Resources */,
				2EB270C428AC194700E2BA12 /* Assets.xcassets in Resources */,
				2EB270BF28AC193C00E2BA12 /* Main.storyboard in Resources */,
			);
			runOnlyForDeploymentPostprocessing = 0;
		};
/* End PBXResourcesBuildPhase section */

/* Begin PBXSourcesBuildPhase section */
		2EB270B028AC193C00E2BA12 /* Sources */ = {
			isa = PBXSourcesBuildPhase;
			buildActionMask = 2147483647;
			files = (
				2EB270E728AED68E00E2BA12 /* ToDoViewController.swift in Sources */,
				BD4958CC28AED254008D7FF0 /* ToDoListItem+CoreDataClass.swift in Sources */,
				BD4958CD28AED254008D7FF0 /* ToDoListItem+CoreDataProperties.swift in Sources */,
				2EB270DF28AE84D300E2BA12 /* TabBarViewController.swift in Sources */,
				2EB270C228AC193C00E2BA12 /* POM.xcdatamodeld in Sources */,
				2EB270B828AC193C00E2BA12 /* AppDelegate.swift in Sources */,
				2EB270BA28AC193C00E2BA12 /* SceneDelegate.swift in Sources */,
				2EB270E328AE859D00E2BA12 /* JournalViewController.swift in Sources */,
				2EB270E528AE87F400E2BA12 /* HomeViewController.swift in Sources */,
				2EB270E128AE858000E2BA12 /* PieceViewController.swift in Sources */,
			);
			runOnlyForDeploymentPostprocessing = 0;
		};
/* End PBXSourcesBuildPhase section */

/* Begin PBXVariantGroup section */
		2EB270BD28AC193C00E2BA12 /* Main.storyboard */ = {
			isa = PBXVariantGroup;
			children = (
				2EB270BE28AC193C00E2BA12 /* Base */,
			);
			name = Main.storyboard;
			sourceTree = "<group>";
		};
		2EB270C528AC194700E2BA12 /* LaunchScreen.storyboard */ = {
			isa = PBXVariantGroup;
			children = (
				2EB270C628AC194700E2BA12 /* Base */,
			);
			name = LaunchScreen.storyboard;
			sourceTree = "<group>";
		};
/* End PBXVariantGroup section */

/* Begin XCBuildConfiguration section */
		2EB270C928AC194700E2BA12 /* Debug */ = {
			isa = XCBuildConfiguration;
			buildSettings = {
				ALWAYS_SEARCH_USER_PATHS = NO;
				CLANG_ANALYZER_NONNULL = YES;
				CLANG_ANALYZER_NUMBER_OBJECT_CONVERSION = YES_AGGRESSIVE;
				CLANG_CXX_LANGUAGE_STANDARD = "gnu++17";
				CLANG_ENABLE_MODULES = YES;
				CLANG_ENABLE_OBJC_ARC = YES;
				CLANG_ENABLE_OBJC_WEAK = YES;
				CLANG_WARN_BLOCK_CAPTURE_AUTORELEASING = YES;
				CLANG_WARN_BOOL_CONVERSION = YES;
				CLANG_WARN_COMMA = YES;
				CLANG_WARN_CONSTANT_CONVERSION = YES;
				CLANG_WARN_DEPRECATED_OBJC_IMPLEMENTATIONS = YES;
				CLANG_WARN_DIRECT_OBJC_ISA_USAGE = YES_ERROR;
				CLANG_WARN_DOCUMENTATION_COMMENTS = YES;
				CLANG_WARN_EMPTY_BODY = YES;
				CLANG_WARN_ENUM_CONVERSION = YES;
				CLANG_WARN_INFINITE_RECURSION = YES;
				CLANG_WARN_INT_CONVERSION = YES;
				CLANG_WARN_NON_LITERAL_NULL_CONVERSION = YES;
				CLANG_WARN_OBJC_IMPLICIT_RETAIN_SELF = YES;
				CLANG_WARN_OBJC_LITERAL_CONVERSION = YES;
				CLANG_WARN_OBJC_ROOT_CLASS = YES_ERROR;
				CLANG_WARN_QUOTED_INCLUDE_IN_FRAMEWORK_HEADER = YES;
				CLANG_WARN_RANGE_LOOP_ANALYSIS = YES;
				CLANG_WARN_STRICT_PROTOTYPES = YES;
				CLANG_WARN_SUSPICIOUS_MOVE = YES;
				CLANG_WARN_UNGUARDED_AVAILABILITY = YES_AGGRESSIVE;
				CLANG_WARN_UNREACHABLE_CODE = YES;
				CLANG_WARN__DUPLICATE_METHOD_MATCH = YES;
				COPY_PHASE_STRIP = NO;
				DEBUG_INFORMATION_FORMAT = dwarf;
				ENABLE_STRICT_OBJC_MSGSEND = YES;
				ENABLE_TESTABILITY = YES;
				GCC_C_LANGUAGE_STANDARD = gnu11;
				GCC_DYNAMIC_NO_PIC = NO;
				GCC_NO_COMMON_BLOCKS = YES;
				GCC_OPTIMIZATION_LEVEL = 0;
				GCC_PREPROCESSOR_DEFINITIONS = (
					"DEBUG=1",
					"$(inherited)",
				);
				GCC_WARN_64_TO_32_BIT_CONVERSION = YES;
				GCC_WARN_ABOUT_RETURN_TYPE = YES_ERROR;
				GCC_WARN_UNDECLARED_SELECTOR = YES;
				GCC_WARN_UNINITIALIZED_AUTOS = YES_AGGRESSIVE;
				GCC_WARN_UNUSED_FUNCTION = YES;
				GCC_WARN_UNUSED_VARIABLE = YES;
				IPHONEOS_DEPLOYMENT_TARGET = 15.5;
				MTL_ENABLE_DEBUG_INFO = INCLUDE_SOURCE;
				MTL_FAST_MATH = YES;
				ONLY_ACTIVE_ARCH = YES;
				SDKROOT = iphoneos;
				SWIFT_ACTIVE_COMPILATION_CONDITIONS = DEBUG;
				SWIFT_OPTIMIZATION_LEVEL = "-Onone";
			};
			name = Debug;
		};
		2EB270CA28AC194700E2BA12 /* Release */ = {
			isa = XCBuildConfiguration;
			buildSettings = {
				ALWAYS_SEARCH_USER_PATHS = NO;
				CLANG_ANALYZER_NONNULL = YES;
				CLANG_ANALYZER_NUMBER_OBJECT_CONVERSION = YES_AGGRESSIVE;
				CLANG_CXX_LANGUAGE_STANDARD = "gnu++17";
				CLANG_ENABLE_MODULES = YES;
				CLANG_ENABLE_OBJC_ARC = YES;
				CLANG_ENABLE_OBJC_WEAK = YES;
				CLANG_WARN_BLOCK_CAPTURE_AUTORELEASING = YES;
				CLANG_WARN_BOOL_CONVERSION = YES;
				CLANG_WARN_COMMA = YES;
				CLANG_WARN_CONSTANT_CONVERSION = YES;
				CLANG_WARN_DEPRECATED_OBJC_IMPLEMENTATIONS = YES;
				CLANG_WARN_DIRECT_OBJC_ISA_USAGE = YES_ERROR;
				CLANG_WARN_DOCUMENTATION_COMMENTS = YES;
				CLANG_WARN_EMPTY_BODY = YES;
				CLANG_WARN_ENUM_CONVERSION = YES;
				CLANG_WARN_INFINITE_RECURSION = YES;
				CLANG_WARN_INT_CONVERSION = YES;
				CLANG_WARN_NON_LITERAL_NULL_CONVERSION = YES;
				CLANG_WARN_OBJC_IMPLICIT_RETAIN_SELF = YES;
				CLANG_WARN_OBJC_LITERAL_CONVERSION = YES;
				CLANG_WARN_OBJC_ROOT_CLASS = YES_ERROR;
				CLANG_WARN_QUOTED_INCLUDE_IN_FRAMEWORK_HEADER = YES;
				CLANG_WARN_RANGE_LOOP_ANALYSIS = YES;
				CLANG_WARN_STRICT_PROTOTYPES = YES;
				CLANG_WARN_SUSPICIOUS_MOVE = YES;
				CLANG_WARN_UNGUARDED_AVAILABILITY = YES_AGGRESSIVE;
				CLANG_WARN_UNREACHABLE_CODE = YES;
				CLANG_WARN__DUPLICATE_METHOD_MATCH = YES;
				COPY_PHASE_STRIP = NO;
				DEBUG_INFORMATION_FORMAT = "dwarf-with-dsym";
				ENABLE_NS_ASSERTIONS = NO;
				ENABLE_STRICT_OBJC_MSGSEND = YES;
				GCC_C_LANGUAGE_STANDARD = gnu11;
				GCC_NO_COMMON_BLOCKS = YES;
				GCC_WARN_64_TO_32_BIT_CONVERSION = YES;
				GCC_WARN_ABOUT_RETURN_TYPE = YES_ERROR;
				GCC_WARN_UNDECLARED_SELECTOR = YES;
				GCC_WARN_UNINITIALIZED_AUTOS = YES_AGGRESSIVE;
				GCC_WARN_UNUSED_FUNCTION = YES;
				GCC_WARN_UNUSED_VARIABLE = YES;
				IPHONEOS_DEPLOYMENT_TARGET = 15.5;
				MTL_ENABLE_DEBUG_INFO = NO;
				MTL_FAST_MATH = YES;
				SDKROOT = iphoneos;
				SWIFT_COMPILATION_MODE = wholemodule;
				SWIFT_OPTIMIZATION_LEVEL = "-O";
				VALIDATE_PRODUCT = YES;
			};
			name = Release;
		};
		2EB270CC28AC194700E2BA12 /* Debug */ = {
			isa = XCBuildConfiguration;
			buildSettings = {
				ASSETCATALOG_COMPILER_APPICON_NAME = AppIcon;
				ASSETCATALOG_COMPILER_GLOBAL_ACCENT_COLOR_NAME = AccentColor;
				CODE_SIGN_STYLE = Automatic;
				CURRENT_PROJECT_VERSION = 1;
				DEVELOPMENT_TEAM = YAXAK83352;
				GENERATE_INFOPLIST_FILE = YES;
				INFOPLIST_FILE = POM/Info.plist;
				INFOPLIST_KEY_UIApplicationSupportsIndirectInputEvents = YES;
				INFOPLIST_KEY_UILaunchStoryboardName = LaunchScreen;
				INFOPLIST_KEY_UIMainStoryboardFile = Main;
				INFOPLIST_KEY_UISupportedInterfaceOrientations_iPad = "UIInterfaceOrientationPortrait UIInterfaceOrientationPortraitUpsideDown UIInterfaceOrientationLandscapeLeft UIInterfaceOrientationLandscapeRight";
				INFOPLIST_KEY_UISupportedInterfaceOrientations_iPhone = "UIInterfaceOrientationPortrait UIInterfaceOrientationLandscapeLeft UIInterfaceOrientationLandscapeRight";
				LD_RUNPATH_SEARCH_PATHS = (
					"$(inherited)",
					"@executable_path/Frameworks",
				);
				MARKETING_VERSION = 1.0;
				PRODUCT_BUNDLE_IDENTIFIER = "kwk-ak.POM";
				PRODUCT_NAME = "$(TARGET_NAME)";
				SWIFT_EMIT_LOC_STRINGS = YES;
				SWIFT_VERSION = 5.0;
				TARGETED_DEVICE_FAMILY = "1,2";
			};
			name = Debug;
		};
		2EB270CD28AC194700E2BA12 /* Release */ = {
			isa = XCBuildConfiguration;
			buildSettings = {
				ASSETCATALOG_COMPILER_APPICON_NAME = AppIcon;
				ASSETCATALOG_COMPILER_GLOBAL_ACCENT_COLOR_NAME = AccentColor;
				CODE_SIGN_STYLE = Automatic;
				CURRENT_PROJECT_VERSION = 1;
				DEVELOPMENT_TEAM = YAXAK83352;
				GENERATE_INFOPLIST_FILE = YES;
				INFOPLIST_FILE = POM/Info.plist;
				INFOPLIST_KEY_UIApplicationSupportsIndirectInputEvents = YES;
				INFOPLIST_KEY_UILaunchStoryboardName = LaunchScreen;
				INFOPLIST_KEY_UIMainStoryboardFile = Main;
				INFOPLIST_KEY_UISupportedInterfaceOrientations_iPad = "UIInterfaceOrientationPortrait UIInterfaceOrientationPortraitUpsideDown UIInterfaceOrientationLandscapeLeft UIInterfaceOrientationLandscapeRight";
				INFOPLIST_KEY_UISupportedInterfaceOrientations_iPhone = "UIInterfaceOrientationPortrait UIInterfaceOrientationLandscapeLeft UIInterfaceOrientationLandscapeRight";
				LD_RUNPATH_SEARCH_PATHS = (
					"$(inherited)",
					"@executable_path/Frameworks",
				);
				MARKETING_VERSION = 1.0;
				PRODUCT_BUNDLE_IDENTIFIER = "kwk-ak.POM";
				PRODUCT_NAME = "$(TARGET_NAME)";
				SWIFT_EMIT_LOC_STRINGS = YES;
				SWIFT_VERSION = 5.0;
				TARGETED_DEVICE_FAMILY = "1,2";
			};
			name = Release;
		};
/* End XCBuildConfiguration section */

/* Begin XCConfigurationList section */
		2EB270AF28AC193C00E2BA12 /* Build configuration list for PBXProject "POM" */ = {
			isa = XCConfigurationList;
			buildConfigurations = (
				2EB270C928AC194700E2BA12 /* Debug */,
				2EB270CA28AC194700E2BA12 /* Release */,
			);
			defaultConfigurationIsVisible = 0;
			defaultConfigurationName = Release;
		};
		2EB270CB28AC194700E2BA12 /* Build configuration list for PBXNativeTarget "POM" */ = {
			isa = XCConfigurationList;
			buildConfigurations = (
				2EB270CC28AC194700E2BA12 /* Debug */,
				2EB270CD28AC194700E2BA12 /* Release */,
			);
			defaultConfigurationIsVisible = 0;
			defaultConfigurationName = Release;
		};
/* End XCConfigurationList section */

/* Begin XCVersionGroup section */
		2EB270C028AC193C00E2BA12 /* POM.xcdatamodeld */ = {
			isa = XCVersionGroup;
			children = (
				2EB270C128AC193C00E2BA12 /* POM.xcdatamodel */,
			);
			currentVersion = 2EB270C128AC193C00E2BA12 /* POM.xcdatamodel */;
			path = POM.xcdatamodeld;
			sourceTree = "<group>";
			versionGroupType = wrapper.xcdatamodel;
		};
/* End XCVersionGroup section */
	};
	rootObject = 2EB270AC28AC193C00E2BA12 /* Project object */;
}
